{
  "version": 4,
  "terraform_version": "1.2.6",
  "serial": 14,
  "lineage": "6d1136dc-803b-472a-57f0-bbe28c591e4d",
  "outputs": {},
  "resources": [
    {
      "mode": "managed",
      "type": "proxmox_vm_qemu",
      "name": "proxmox-ubuntu",
      "provider": "provider[\"registry.terraform.io/telmate/proxmox\"]",
      "instances": [
        {
          "index_key": 0,
          "schema_version": 0,
          "attributes": {
            "additional_wait": 15,
            "agent": 1,
            "args": "",
            "balloon": 0,
            "bios": "seabios",
            "boot": "cdn",
            "bootdisk": "scsi0",
            "bridge": "",
            "ci_wait": null,
            "cicustom": "",
            "cipassword": "",
            "ciuser": "",
            "clone": "ubuntu-2004-cloudinit-template",
            "clone_wait": 15,
            "cloudinit_cdrom_storage": null,
            "cores": 2,
            "cpu": "host",
            "default_ipv4_address": "",
            "define_connection_info": true,
            "desc": "",
            "disk": [
              {
                "backup": 0,
                "cache": "none",
                "discard": "",
                "file": "102/vm-102-disk-1.raw",
                "format": "raw",
                "iothread": 0,
                "mbps": 0,
                "mbps_rd": 0,
                "mbps_rd_max": 0,
                "mbps_wr": 0,
                "mbps_wr_max": 0,
                "media": "",
                "replicate": 0,
                "size": "10G",
                "slot": 0,
                "ssd": 0,
                "storage": "local",
                "storage_type": "dir",
                "type": "scsi",
                "volume": "local:102/vm-102-disk-1.raw"
              }
            ],
            "disk_gb": 0,
            "force_create": false,
            "force_recreate_on_change_of": null,
            "full_clone": true,
            "guest_agent_ready_timeout": 600,
            "hastate": "",
            "hotplug": "network,disk,usb",
            "id": "te1/qemu/102",
            "ipconfig0": "ip=172.26.0.121/24,gw=172.26.0.1",
            "ipconfig1": "",
            "ipconfig2": "",
            "iso": null,
            "kvm": true,
            "mac": "",
            "memory": 2048,
            "name": "terraform-vm-1",
            "nameserver": "",
            "network": [
              {
                "bridge": "vmbr1",
                "firewall": false,
                "link_down": false,
                "macaddr": "3A:39:9E:50:50:37",
                "model": "virtio",
                "queues": 0,
                "rate": 0,
                "tag": -1
              }
            ],
            "nic": "",
            "numa": false,
            "onboot": true,
            "os_network_config": null,
            "os_type": "cloud-init",
            "pool": "",
            "preprovision": true,
            "qemu_os": "other",
            "reboot_required": false,
            "scsihw": "virtio-scsi-pci",
            "searchdomain": "",
            "serial": [],
            "sockets": 1,
            "ssh_forward_ip": null,
            "ssh_host": "172.26.0.121",
            "ssh_port": "22",
            "ssh_private_key": null,
            "ssh_user": null,
            "sshkeys": "      ssh-rsa AAAAB3NzaC1yc2EAAAADAQABAAABgQDWdOTMka/sNKNp4G10zSipwBrVUNQd/YaIooS63T3thuZytsgcX8o3KjogAPNKFD8ltdlwJWjFBvNrv9pqVELfWCg/lcPNaQwmL/fT+eGqZ7Qlb7v1/628r+ZeNf+BlXbB1SONzYSL/1niUUjfYjazo5wygRpGFGt2nGKmCkMuEHMc9akYiX2jw6LaYCWDsTS403C7t8tVBHW4wuyZk0U/Ea1pjGNcgRxCYL5pY1jzGjvfAEPM8XBPbe5OuFH9fDby51KwwixNDKZ6KWwHp0M552owvd7wbwVxjBfAeTjx3R667vKWNF1iA5+6b3rYLll6ooa5qzSDGgwtolgHD6Bc2MtJ38u+jaRCjvodM3ZebSb/sirZkjeAOK/N84z7u/kYWNyHlOHwEL5oZG0D5uUx398NuQQhGZumZuypsT/8shIxq0nJreW2xgPiCFPBEPrTyRcn12ZBi3Ol3GCgfyV4RuDU+80rXu9zXOXgpxPgh6ykpQAAI/Qe43mhZA+iPPk= root@te1\n\n",
            "storage": "",
            "storage_type": "",
            "tags": "",
            "target_node": "te1",
            "unused_disk": [],
            "vcpus": 0,
            "vga": [],
            "vlan": -1,
            "vmid": null
          },
          "sensitive_attributes": [],
          "private": "bnVsbA=="
        }
      ]
    }
  ]
}
